// !$*UTF8*$!
{
	archiveVersion = 1;
	classes = {
	};
	objectVersion = 56;
	objects = {

/* Begin PBXBuildFile section */
		E50808D12AF63C670000B821 /* ListApp.swift in Sources */ = {isa = PBXBuildFile; fileRef = E50808D02AF63C670000B821 /* ListApp.swift */; };
		E50808D52AF63C690000B821 /* Assets.xcassets in Resources */ = {isa = PBXBuildFile; fileRef = E50808D42AF63C690000B821 /* Assets.xcassets */; };
		E50808D82AF63C690000B821 /* Preview Assets.xcassets in Resources */ = {isa = PBXBuildFile; fileRef = E50808D72AF63C690000B821 /* Preview Assets.xcassets */; };
		E50808E12AF63DF00000B821 /* UsersStaticData.json in Resources */ = {isa = PBXBuildFile; fileRef = E50808E02AF63DF00000B821 /* UsersStaticData.json */; };
		E50808E32AF63E030000B821 /* SingleUserData.json in Resources */ = {isa = PBXBuildFile; fileRef = E50808E22AF63E030000B821 /* SingleUserData.json */; };
		E50808F42AF63F590000B821 /* UserDetailResponse.swift in Sources */ = {isa = PBXBuildFile; fileRef = E50808F32AF63F590000B821 /* UserDetailResponse.swift */; };
		E50808F62AF640EC0000B821 /* UsersResponse.swift in Sources */ = {isa = PBXBuildFile; fileRef = E50808F52AF640EB0000B821 /* UsersResponse.swift */; };
		E50808FA2AF641F00000B821 /* Models.swift in Sources */ = {isa = PBXBuildFile; fileRef = E50808F92AF641F00000B821 /* Models.swift */; };
		E50808FD2AF642B30000B821 /* StaticJSONMapper.swift in Sources */ = {isa = PBXBuildFile; fileRef = E50808FC2AF642B30000B821 /* StaticJSONMapper.swift */; };
		E50808FF2AF64AB30000B821 /* PeopleView.swift in Sources */ = {isa = PBXBuildFile; fileRef = E50808FE2AF64AB30000B821 /* PeopleView.swift */; };
		E50809012AF64B390000B821 /* Symbols.swift in Sources */ = {isa = PBXBuildFile; fileRef = E50809002AF64B390000B821 /* Symbols.swift */; };
		E50809032AF64BDA0000B821 /* Theme.swift in Sources */ = {isa = PBXBuildFile; fileRef = E50809022AF64BDA0000B821 /* Theme.swift */; };
/* End PBXBuildFile section */

/* Begin PBXFileReference section */
		E50808CD2AF63C670000B821 /* List.app */ = {isa = PBXFileReference; explicitFileType = wrapper.application; includeInIndex = 0; path = List.app; sourceTree = BUILT_PRODUCTS_DIR; };
		E50808D02AF63C670000B821 /* ListApp.swift */ = {isa = PBXFileReference; lastKnownFileType = sourcecode.swift; path = ListApp.swift; sourceTree = "<group>"; };
		E50808D42AF63C690000B821 /* Assets.xcassets */ = {isa = PBXFileReference; lastKnownFileType = folder.assetcatalog; path = Assets.xcassets; sourceTree = "<group>"; };
		E50808D72AF63C690000B821 /* Preview Assets.xcassets */ = {isa = PBXFileReference; lastKnownFileType = folder.assetcatalog; path = "Preview Assets.xcassets"; sourceTree = "<group>"; };
		E50808E02AF63DF00000B821 /* UsersStaticData.json */ = {isa = PBXFileReference; lastKnownFileType = text.json; path = UsersStaticData.json; sourceTree = "<group>"; };
		E50808E22AF63E030000B821 /* SingleUserData.json */ = {isa = PBXFileReference; lastKnownFileType = text.json; path = SingleUserData.json; sourceTree = "<group>"; };
		E50808F32AF63F590000B821 /* UserDetailResponse.swift */ = {isa = PBXFileReference; lastKnownFileType = sourcecode.swift; path = UserDetailResponse.swift; sourceTree = "<group>"; };
		E50808F52AF640EB0000B821 /* UsersResponse.swift */ = {isa = PBXFileReference; lastKnownFileType = sourcecode.swift; path = UsersResponse.swift; sourceTree = "<group>"; };
		E50808F92AF641F00000B821 /* Models.swift */ = {isa = PBXFileReference; lastKnownFileType = sourcecode.swift; path = Models.swift; sourceTree = "<group>"; };
		E50808FC2AF642B30000B821 /* StaticJSONMapper.swift */ = {isa = PBXFileReference; lastKnownFileType = sourcecode.swift; path = StaticJSONMapper.swift; sourceTree = "<group>"; };
		E50808FE2AF64AB30000B821 /* PeopleView.swift */ = {isa = PBXFileReference; lastKnownFileType = sourcecode.swift; path = PeopleView.swift; sourceTree = "<group>"; };
		E50809002AF64B390000B821 /* Symbols.swift */ = {isa = PBXFileReference; lastKnownFileType = sourcecode.swift; path = Symbols.swift; sourceTree = "<group>"; };
		E50809022AF64BDA0000B821 /* Theme.swift */ = {isa = PBXFileReference; lastKnownFileType = sourcecode.swift; path = Theme.swift; sourceTree = "<group>"; };
/* End PBXFileReference section */

/* Begin PBXFrameworksBuildPhase section */
		E50808CA2AF63C670000B821 /* Frameworks */ = {
			isa = PBXFrameworksBuildPhase;
			buildActionMask = 2147483647;
			files = (
			);
			runOnlyForDeploymentPostprocessing = 0;
		};
/* End PBXFrameworksBuildPhase section */

/* Begin PBXGroup section */
		E50808C42AF63C670000B821 = {
			isa = PBXGroup;
			children = (
				E50808CF2AF63C670000B821 /* List */,
				E50808CE2AF63C670000B821 /* Products */,
			);
			sourceTree = "<group>";
		};
		E50808CE2AF63C670000B821 /* Products */ = {
			isa = PBXGroup;
			children = (
				E50808CD2AF63C670000B821 /* List.app */,
			);
			name = Products;
			sourceTree = "<group>";
		};
		E50808CF2AF63C670000B821 /* List */ = {
			isa = PBXGroup;
			children = (
				E50808E42AF63E680000B821 /* Features */,
				E50808F72AF641DE0000B821 /* Base */,
				E50808DE2AF63DCE0000B821 /* Resources */,
				E50808D02AF63C670000B821 /* ListApp.swift */,
				E50808D42AF63C690000B821 /* Assets.xcassets */,
				E50808D62AF63C690000B821 /* Preview Content */,
			);
			path = List;
			sourceTree = "<group>";
		};
		E50808D62AF63C690000B821 /* Preview Content */ = {
			isa = PBXGroup;
			children = (
				E50808D72AF63C690000B821 /* Preview Assets.xcassets */,
			);
			path = "Preview Content";
			sourceTree = "<group>";
		};
		E50808DE2AF63DCE0000B821 /* Resources */ = {
			isa = PBXGroup;
			children = (
				E50808DF2AF63DDD0000B821 /* JSON */,
				E50809002AF64B390000B821 /* Symbols.swift */,
				E50809022AF64BDA0000B821 /* Theme.swift */,
			);
			path = Resources;
			sourceTree = "<group>";
		};
		E50808DF2AF63DDD0000B821 /* JSON */ = {
			isa = PBXGroup;
			children = (
				E50808E02AF63DF00000B821 /* UsersStaticData.json */,
				E50808E22AF63E030000B821 /* SingleUserData.json */,
			);
			path = JSON;
			sourceTree = "<group>";
		};
		E50808E42AF63E680000B821 /* Features */ = {
			isa = PBXGroup;
			children = (
				E50808E52AF63E730000B821 /* Settings */,
				E50808E62AF63E7B0000B821 /* Detail */,
				E50808E72AF63E860000B821 /* Create */,
				E50808E82AF63E8D0000B821 /* People */,
			);
			path = Features;
			sourceTree = "<group>";
		};
		E50808E52AF63E730000B821 /* Settings */ = {
			isa = PBXGroup;
			children = (
				E50808F22AF63F2D0000B821 /* Views */,
			);
			path = Settings;
			sourceTree = "<group>";
		};
		E50808E62AF63E7B0000B821 /* Detail */ = {
			isa = PBXGroup;
			children = (
				E50808F12AF63F250000B821 /* ViewModels */,
				E50808F02AF63F210000B821 /* Model */,
				E50808EF2AF63F1C0000B821 /* Views */,
			);
			path = Detail;
			sourceTree = "<group>";
		};
		E50808E72AF63E860000B821 /* Create */ = {
			isa = PBXGroup;
			children = (
				E50808EE2AF63F180000B821 /* ViewModels */,
				E50808ED2AF63F140000B821 /* Model */,
				E50808EC2AF63F100000B821 /* Views */,
			);
			path = Create;
			sourceTree = "<group>";
		};
		E50808E82AF63E8D0000B821 /* People */ = {
			isa = PBXGroup;
			children = (
				E50808EB2AF63F040000B821 /* ViewModels */,
				E50808EA2AF63F000000B821 /* Model */,
				E50808E92AF63EF60000B821 /* Views */,
			);
			path = People;
			sourceTree = "<group>";
		};
		E50808E92AF63EF60000B821 /* Views */ = {
			isa = PBXGroup;
			children = (
				E50808FE2AF64AB30000B821 /* PeopleView.swift */,
			);
			path = Views;
			sourceTree = "<group>";
		};
		E50808EA2AF63F000000B821 /* Model */ = {
			isa = PBXGroup;
			children = (
				E50808F52AF640EB0000B821 /* UsersResponse.swift */,
			);
			path = Model;
			sourceTree = "<group>";
		};
		E50808EB2AF63F040000B821 /* ViewModels */ = {
			isa = PBXGroup;
			children = (
			);
			path = ViewModels;
			sourceTree = "<group>";
		};
		E50808EC2AF63F100000B821 /* Views */ = {
			isa = PBXGroup;
			children = (
			);
			path = Views;
			sourceTree = "<group>";
		};
		E50808ED2AF63F140000B821 /* Model */ = {
			isa = PBXGroup;
			children = (
			);
			path = Model;
			sourceTree = "<group>";
		};
		E50808EE2AF63F180000B821 /* ViewModels */ = {
			isa = PBXGroup;
			children = (
			);
			path = ViewModels;
			sourceTree = "<group>";
		};
		E50808EF2AF63F1C0000B821 /* Views */ = {
			isa = PBXGroup;
			children = (
			);
			path = Views;
			sourceTree = "<group>";
		};
		E50808F02AF63F210000B821 /* Model */ = {
			isa = PBXGroup;
			children = (
				E50808F32AF63F590000B821 /* UserDetailResponse.swift */,
			);
			path = Model;
			sourceTree = "<group>";
		};
		E50808F12AF63F250000B821 /* ViewModels */ = {
			isa = PBXGroup;
			children = (
			);
			path = ViewModels;
			sourceTree = "<group>";
		};
		E50808F22AF63F2D0000B821 /* Views */ = {
			isa = PBXGroup;
			children = (
			);
			path = Views;
			sourceTree = "<group>";
		};
		E50808F72AF641DE0000B821 /* Base */ = {
			isa = PBXGroup;
			children = (
				E50808FB2AF6429E0000B821 /* Mapper */,
				E50808F82AF641E60000B821 /* Model */,
			);
			path = Base;
			sourceTree = "<group>";
		};
		E50808F82AF641E60000B821 /* Model */ = {
			isa = PBXGroup;
			children = (
				E50808F92AF641F00000B821 /* Models.swift */,
			);
			path = Model;
			sourceTree = "<group>";
		};
		E50808FB2AF6429E0000B821 /* Mapper */ = {
			isa = PBXGroup;
			children = (
				E50808FC2AF642B30000B821 /* StaticJSONMapper.swift */,
			);
			path = Mapper;
			sourceTree = "<group>";
		};
/* End PBXGroup section */

/* Begin PBXNativeTarget section */
		E50808CC2AF63C670000B821 /* List */ = {
			isa = PBXNativeTarget;
			buildConfigurationList = E50808DB2AF63C690000B821 /* Build configuration list for PBXNativeTarget "List" */;
			buildPhases = (
				E50808C92AF63C670000B821 /* Sources */,
				E50808CA2AF63C670000B821 /* Frameworks */,
				E50808CB2AF63C670000B821 /* Resources */,
			);
			buildRules = (
			);
			dependencies = (
			);
			name = List;
			productName = List;
			productReference = E50808CD2AF63C670000B821 /* List.app */;
			productType = "com.apple.product-type.application";
		};
/* End PBXNativeTarget section */

/* Begin PBXProject section */
		E50808C52AF63C670000B821 /* Project object */ = {
			isa = PBXProject;
			attributes = {
				BuildIndependentTargetsInParallel = 1;
				LastSwiftUpdateCheck = 1420;
				LastUpgradeCheck = 1420;
				TargetAttributes = {
					E50808CC2AF63C670000B821 = {
						CreatedOnToolsVersion = 14.2;
					};
				};
			};
			buildConfigurationList = E50808C82AF63C670000B821 /* Build configuration list for PBXProject "List" */;
			compatibilityVersion = "Xcode 14.0";
			developmentRegion = en;
			hasScannedForEncodings = 0;
			knownRegions = (
				en,
				Base,
			);
			mainGroup = E50808C42AF63C670000B821;
			productRefGroup = E50808CE2AF63C670000B821 /* Products */;
			projectDirPath = "";
			projectRoot = "";
			targets = (
				E50808CC2AF63C670000B821 /* List */,
			);
		};
/* End PBXProject section */

/* Begin PBXResourcesBuildPhase section */
		E50808CB2AF63C670000B821 /* Resources */ = {
			isa = PBXResourcesBuildPhase;
			buildActionMask = 2147483647;
			files = (
				E50808E12AF63DF00000B821 /* UsersStaticData.json in Resources */,
				E50808E32AF63E030000B821 /* SingleUserData.json in Resources */,
				E50808D82AF63C690000B821 /* Preview Assets.xcassets in Resources */,
				E50808D52AF63C690000B821 /* Assets.xcassets in Resources */,
			);
			runOnlyForDeploymentPostprocessing = 0;
		};
/* End PBXResourcesBuildPhase section */

/* Begin PBXSourcesBuildPhase section */
		E50808C92AF63C670000B821 /* Sources */ = {
			isa = PBXSourcesBuildPhase;
			buildActionMask = 2147483647;
			files = (
				E50808F42AF63F590000B821 /* UserDetailResponse.swift in Sources */,
				E50809032AF64BDA0000B821 /* Theme.swift in Sources */,
				E50808FF2AF64AB30000B821 /* PeopleView.swift in Sources */,
				E50808FD2AF642B30000B821 /* StaticJSONMapper.swift in Sources */,
				E50808D12AF63C670000B821 /* ListApp.swift in Sources */,
				E50808F62AF640EC0000B821 /* UsersResponse.swift in Sources */,
				E50808FA2AF641F00000B821 /* Models.swift in Sources */,
				E50809012AF64B390000B821 /* Symbols.swift in Sources */,
			);
			runOnlyForDeploymentPostprocessing = 0;
		};
/* End PBXSourcesBuildPhase section */

/* Begin XCBuildConfiguration section */
		E50808D92AF63C690000B821 /* Debug */ = {
			isa = XCBuildConfiguration;
			buildSettings = {
				ALWAYS_SEARCH_USER_PATHS = NO;
				CLANG_ANALYZER_NONNULL = YES;
				CLANG_ANALYZER_NUMBER_OBJECT_CONVERSION = YES_AGGRESSIVE;
				CLANG_CXX_LANGUAGE_STANDARD = "gnu++20";
				CLANG_ENABLE_MODULES = YES;
				CLANG_ENABLE_OBJC_ARC = YES;
				CLANG_ENABLE_OBJC_WEAK = YES;
				CLANG_WARN_BLOCK_CAPTURE_AUTORELEASING = YES;
				CLANG_WARN_BOOL_CONVERSION = YES;
				CLANG_WARN_COMMA = YES;
				CLANG_WARN_CONSTANT_CONVERSION = YES;
				CLANG_WARN_DEPRECATED_OBJC_IMPLEMENTATIONS = YES;
				CLANG_WARN_DIRECT_OBJC_ISA_USAGE = YES_ERROR;
				CLANG_WARN_DOCUMENTATION_COMMENTS = YES;
				CLANG_WARN_EMPTY_BODY = YES;
				CLANG_WARN_ENUM_CONVERSION = YES;
				CLANG_WARN_INFINITE_RECURSION = YES;
				CLANG_WARN_INT_CONVERSION = YES;
				CLANG_WARN_NON_LITERAL_NULL_CONVERSION = YES;
				CLANG_WARN_OBJC_IMPLICIT_RETAIN_SELF = YES;
				CLANG_WARN_OBJC_LITERAL_CONVERSION = YES;
				CLANG_WARN_OBJC_ROOT_CLASS = YES_ERROR;
				CLANG_WARN_QUOTED_INCLUDE_IN_FRAMEWORK_HEADER = YES;
				CLANG_WARN_RANGE_LOOP_ANALYSIS = YES;
				CLANG_WARN_STRICT_PROTOTYPES = YES;
				CLANG_WARN_SUSPICIOUS_MOVE = YES;
				CLANG_WARN_UNGUARDED_AVAILABILITY = YES_AGGRESSIVE;
				CLANG_WARN_UNREACHABLE_CODE = YES;
				CLANG_WARN__DUPLICATE_METHOD_MATCH = YES;
				COPY_PHASE_STRIP = NO;
				DEBUG_INFORMATION_FORMAT = dwarf;
				ENABLE_STRICT_OBJC_MSGSEND = YES;
				ENABLE_TESTABILITY = YES;
				GCC_C_LANGUAGE_STANDARD = gnu11;
				GCC_DYNAMIC_NO_PIC = NO;
				GCC_NO_COMMON_BLOCKS = YES;
				GCC_OPTIMIZATION_LEVEL = 0;
				GCC_PREPROCESSOR_DEFINITIONS = (
					"DEBUG=1",
					"$(inherited)",
				);
				GCC_WARN_64_TO_32_BIT_CONVERSION = YES;
				GCC_WARN_ABOUT_RETURN_TYPE = YES_ERROR;
				GCC_WARN_UNDECLARED_SELECTOR = YES;
				GCC_WARN_UNINITIALIZED_AUTOS = YES_AGGRESSIVE;
				GCC_WARN_UNUSED_FUNCTION = YES;
				GCC_WARN_UNUSED_VARIABLE = YES;
				IPHONEOS_DEPLOYMENT_TARGET = 16.2;
				MTL_ENABLE_DEBUG_INFO = INCLUDE_SOURCE;
				MTL_FAST_MATH = YES;
				ONLY_ACTIVE_ARCH = YES;
				SDKROOT = iphoneos;
				SWIFT_ACTIVE_COMPILATION_CONDITIONS = DEBUG;
				SWIFT_OPTIMIZATION_LEVEL = "-Onone";
			};
			name = Debug;
		};
		E50808DA2AF63C690000B821 /* Release */ = {
			isa = XCBuildConfiguration;
			buildSettings = {
				ALWAYS_SEARCH_USER_PATHS = NO;
				CLANG_ANALYZER_NONNULL = YES;
				CLANG_ANALYZER_NUMBER_OBJECT_CONVERSION = YES_AGGRESSIVE;
				CLANG_CXX_LANGUAGE_STANDARD = "gnu++20";
				CLANG_ENABLE_MODULES = YES;
				CLANG_ENABLE_OBJC_ARC = YES;
				CLANG_ENABLE_OBJC_WEAK = YES;
				CLANG_WARN_BLOCK_CAPTURE_AUTORELEASING = YES;
				CLANG_WARN_BOOL_CONVERSION = YES;
				CLANG_WARN_COMMA = YES;
				CLANG_WARN_CONSTANT_CONVERSION = YES;
				CLANG_WARN_DEPRECATED_OBJC_IMPLEMENTATIONS = YES;
				CLANG_WARN_DIRECT_OBJC_ISA_USAGE = YES_ERROR;
				CLANG_WARN_DOCUMENTATION_COMMENTS = YES;
				CLANG_WARN_EMPTY_BODY = YES;
				CLANG_WARN_ENUM_CONVERSION = YES;
				CLANG_WARN_INFINITE_RECURSION = YES;
				CLANG_WARN_INT_CONVERSION = YES;
				CLANG_WARN_NON_LITERAL_NULL_CONVERSION = YES;
				CLANG_WARN_OBJC_IMPLICIT_RETAIN_SELF = YES;
				CLANG_WARN_OBJC_LITERAL_CONVERSION = YES;
				CLANG_WARN_OBJC_ROOT_CLASS = YES_ERROR;
				CLANG_WARN_QUOTED_INCLUDE_IN_FRAMEWORK_HEADER = YES;
				CLANG_WARN_RANGE_LOOP_ANALYSIS = YES;
				CLANG_WARN_STRICT_PROTOTYPES = YES;
				CLANG_WARN_SUSPICIOUS_MOVE = YES;
				CLANG_WARN_UNGUARDED_AVAILABILITY = YES_AGGRESSIVE;
				CLANG_WARN_UNREACHABLE_CODE = YES;
				CLANG_WARN__DUPLICATE_METHOD_MATCH = YES;
				COPY_PHASE_STRIP = NO;
				DEBUG_INFORMATION_FORMAT = "dwarf-with-dsym";
				ENABLE_NS_ASSERTIONS = NO;
				ENABLE_STRICT_OBJC_MSGSEND = YES;
				GCC_C_LANGUAGE_STANDARD = gnu11;
				GCC_NO_COMMON_BLOCKS = YES;
				GCC_WARN_64_TO_32_BIT_CONVERSION = YES;
				GCC_WARN_ABOUT_RETURN_TYPE = YES_ERROR;
				GCC_WARN_UNDECLARED_SELECTOR = YES;
				GCC_WARN_UNINITIALIZED_AUTOS = YES_AGGRESSIVE;
				GCC_WARN_UNUSED_FUNCTION = YES;
				GCC_WARN_UNUSED_VARIABLE = YES;
				IPHONEOS_DEPLOYMENT_TARGET = 16.2;
				MTL_ENABLE_DEBUG_INFO = NO;
				MTL_FAST_MATH = YES;
				SDKROOT = iphoneos;
				SWIFT_COMPILATION_MODE = wholemodule;
				SWIFT_OPTIMIZATION_LEVEL = "-O";
				VALIDATE_PRODUCT = YES;
			};
			name = Release;
		};
		E50808DC2AF63C690000B821 /* Debug */ = {
			isa = XCBuildConfiguration;
			buildSettings = {
				ASSETCATALOG_COMPILER_APPICON_NAME = AppIcon;
				ASSETCATALOG_COMPILER_GLOBAL_ACCENT_COLOR_NAME = AccentColor;
				CODE_SIGN_STYLE = Automatic;
				CURRENT_PROJECT_VERSION = 1;
				DEVELOPMENT_ASSET_PATHS = "\"List/Preview Content\"";
				ENABLE_PREVIEWS = YES;
				GENERATE_INFOPLIST_FILE = YES;
				INFOPLIST_KEY_UIApplicationSceneManifest_Generation = YES;
				INFOPLIST_KEY_UIApplicationSupportsIndirectInputEvents = YES;
				INFOPLIST_KEY_UILaunchScreen_Generation = YES;
				INFOPLIST_KEY_UISupportedInterfaceOrientations_iPad = "UIInterfaceOrientationPortrait UIInterfaceOrientationPortraitUpsideDown UIInterfaceOrientationLandscapeLeft UIInterfaceOrientationLandscapeRight";
				INFOPLIST_KEY_UISupportedInterfaceOrientations_iPhone = "UIInterfaceOrientationPortrait UIInterfaceOrientationLandscapeLeft UIInterfaceOrientationLandscapeRight";
				LD_RUNPATH_SEARCH_PATHS = (
					"$(inherited)",
					"@executable_path/Frameworks",
				);
				MARKETING_VERSION = 1.0;
				PRODUCT_BUNDLE_IDENTIFIER = com.cembicakci.List;
				PRODUCT_NAME = "$(TARGET_NAME)";
				SWIFT_EMIT_LOC_STRINGS = YES;
				SWIFT_VERSION = 5.0;
				TARGETED_DEVICE_FAMILY = "1,2";
			};
			name = Debug;
		};
		E50808DD2AF63C690000B821 /* Release */ = {
			isa = XCBuildConfiguration;
			buildSettings = {
				ASSETCATALOG_COMPILER_APPICON_NAME = AppIcon;
				ASSETCATALOG_COMPILER_GLOBAL_ACCENT_COLOR_NAME = AccentColor;
				CODE_SIGN_STYLE = Automatic;
				CURRENT_PROJECT_VERSION = 1;
				DEVELOPMENT_ASSET_PATHS = "\"List/Preview Content\"";
				ENABLE_PREVIEWS = YES;
				GENERATE_INFOPLIST_FILE = YES;
				INFOPLIST_KEY_UIApplicationSceneManifest_Generation = YES;
				INFOPLIST_KEY_UIApplicationSupportsIndirectInputEvents = YES;
				INFOPLIST_KEY_UILaunchScreen_Generation = YES;
				INFOPLIST_KEY_UISupportedInterfaceOrientations_iPad = "UIInterfaceOrientationPortrait UIInterfaceOrientationPortraitUpsideDown UIInterfaceOrientationLandscapeLeft UIInterfaceOrientationLandscapeRight";
				INFOPLIST_KEY_UISupportedInterfaceOrientations_iPhone = "UIInterfaceOrientationPortrait UIInterfaceOrientationLandscapeLeft UIInterfaceOrientationLandscapeRight";
				LD_RUNPATH_SEARCH_PATHS = (
					"$(inherited)",
					"@executable_path/Frameworks",
				);
				MARKETING_VERSION = 1.0;
				PRODUCT_BUNDLE_IDENTIFIER = com.cembicakci.List;
				PRODUCT_NAME = "$(TARGET_NAME)";
				SWIFT_EMIT_LOC_STRINGS = YES;
				SWIFT_VERSION = 5.0;
				TARGETED_DEVICE_FAMILY = "1,2";
			};
			name = Release;
		};
/* End XCBuildConfiguration section */

/* Begin XCConfigurationList section */
		E50808C82AF63C670000B821 /* Build configuration list for PBXProject "List" */ = {
			isa = XCConfigurationList;
			buildConfigurations = (
				E50808D92AF63C690000B821 /* Debug */,
				E50808DA2AF63C690000B821 /* Release */,
			);
			defaultConfigurationIsVisible = 0;
			defaultConfigurationName = Release;
		};
		E50808DB2AF63C690000B821 /* Build configuration list for PBXNativeTarget "List" */ = {
			isa = XCConfigurationList;
			buildConfigurations = (
				E50808DC2AF63C690000B821 /* Debug */,
				E50808DD2AF63C690000B821 /* Release */,
			);
			defaultConfigurationIsVisible = 0;
			defaultConfigurationName = Release;
		};
/* End XCConfigurationList section */
	};
	rootObject = E50808C52AF63C670000B821 /* Project object */;
}
